
Microsoft Visual Studio Solution File, Format Version 12.00
# Visual Studio Version 17
VisualStudioVersion = 17.2.32526.322
MinimumVisualStudioVersion = 10.0.40219.1
Project("{2150E333-8FDC-42A3-9474-1A3956D46DE8}") = "api", "api", "{ED0729F1-FEB0-4876-A738-687511BA074A}"
EndProject
Project("{2150E333-8FDC-42A3-9474-1A3956D46DE8}") = "Solution Items", "Solution Items", "{CC66A0ED-61F3-4A5E-8359-2B01E1B008B8}"
	ProjectSection(SolutionItems) = preProject
		.editorconfig = .editorconfig
	EndProjectSection
EndProject
Project("{FAE04EC0-301F-11D3-BF4B-00C04F79EFBC}") = "ExtractPerf", "ExtractPerf\ExtractPerf.csproj", "{D99DD8B8-FA66-4719-946C-6F1B0F4A664E}"
EndProject
Project("{9A19103F-16F7-4668-BE54-9A1E7A4F7556}") = "Cypress_UI_Stresser", "Cypress_UI_Stresser\Cypress_UI_Stresser.csproj", "{B73DA3E5-750E-421B-944C-FCFC631C7923}"
EndProject
Project("{FAE04EC0-301F-11D3-BF4B-00C04F79EFBC}") = "ExtractPerf2", "ExtractPerf2\ExtractPerf2.csproj", "{02F91F11-6CE2-43D2-A4D6-3FE0E1BCC91D}"
EndProject
Project("{9A19103F-16F7-4668-BE54-9A1E7A4F7556}") = "MasterStresserHealthy", "MasterHealthy\MasterStresserHealthy.csproj", "{A9071761-33A4-45FE-8278-DC537D0F1EF7}"
EndProject
Project("{9A19103F-16F7-4668-BE54-9A1E7A4F7556}") = "Cluster_UI_Stresser", "Cluster_UI_Stresser\Cluster_UI_Stresser.csproj", "{D08FEAF5-13D3-4156-98C2-9DB7D3F6770E}"
EndProject
Project("{2150E333-8FDC-42A3-9474-1A3956D46DE8}") = "Front", "Front", "{E1069ED1-927D-47AF-8A39-A2647FECA020}"
EndProject
Project("{2150E333-8FDC-42A3-9474-1A3956D46DE8}") = "Tools", "Tools", "{B3960E07-110F-4EBD-A7FC-E4961D6EC491}"
EndProject
Project("{2150E333-8FDC-42A3-9474-1A3956D46DE8}") = "Stresser", "Stresser", "{506E13BB-F6E2-4709-9DC0-DA2751B3B6DA}"
EndProject
Project("{9A19103F-16F7-4668-BE54-9A1E7A4F7556}") = "StresserHealthy", "..\automation\frontend\selenium\StresserDotNet\StresserHealthy\StresserHealthy.csproj", "{664860EC-0D66-4D09-92FD-30FD792F5458}"
EndProject
Project("{9A19103F-16F7-4668-BE54-9A1E7A4F7556}") = "MasterStresser", "MasterBiolab\MasterStresser.csproj", "{DB12BD54-E232-48EF-923D-A8C49AAF62FE}"
EndProject
Project("{2150E333-8FDC-42A3-9474-1A3956D46DE8}") = "Test", "Test", "{02268271-69D0-4301-9C87-6FA5C11ADCD9}"
EndProject
Project("{FAE04EC0-301F-11D3-BF4B-00C04F79EFBC}") = "API_Pedidos", "API_Pedidos\API_Pedidos.csproj", "{9B0ECB85-C2C0-421E-B497-A527783D5E18}"
EndProject
Global
	GlobalSection(SolutionConfigurationPlatforms) = preSolution
		Debug|Any CPU = Debug|Any CPU
		Homolog|Any CPU = Homolog|Any CPU
		Production|Any CPU = Production|Any CPU
		Release|Any CPU = Release|Any CPU
		Testing|Any CPU = Testing|Any CPU
	EndGlobalSection
	GlobalSection(ProjectConfigurationPlatforms) = postSolution
		{D99DD8B8-FA66-4719-946C-6F1B0F4A664E}.Debug|Any CPU.ActiveCfg = Debug|Any CPU
		{D99DD8B8-FA66-4719-946C-6F1B0F4A664E}.Debug|Any CPU.Build.0 = Debug|Any CPU
		{D99DD8B8-FA66-4719-946C-6F1B0F4A664E}.Homolog|Any CPU.ActiveCfg = Debug|Any CPU
		{D99DD8B8-FA66-4719-946C-6F1B0F4A664E}.Homolog|Any CPU.Build.0 = Debug|Any CPU
		{D99DD8B8-FA66-4719-946C-6F1B0F4A664E}.Production|Any CPU.ActiveCfg = Debug|Any CPU
		{D99DD8B8-FA66-4719-946C-6F1B0F4A664E}.Production|Any CPU.Build.0 = Debug|Any CPU
		{D99DD8B8-FA66-4719-946C-6F1B0F4A664E}.Release|Any CPU.ActiveCfg = Release|Any CPU
		{D99DD8B8-FA66-4719-946C-6F1B0F4A664E}.Release|Any CPU.Build.0 = Release|Any CPU
		{D99DD8B8-FA66-4719-946C-6F1B0F4A664E}.Testing|Any CPU.ActiveCfg = Debug|Any CPU
		{D99DD8B8-FA66-4719-946C-6F1B0F4A664E}.Testing|Any CPU.Build.0 = Debug|Any CPU
		{B73DA3E5-750E-421B-944C-FCFC631C7923}.Debug|Any CPU.ActiveCfg = Debug|Any CPU
		{B73DA3E5-750E-421B-944C-FCFC631C7923}.Debug|Any CPU.Build.0 = Debug|Any CPU
		{B73DA3E5-750E-421B-944C-FCFC631C7923}.Homolog|Any CPU.ActiveCfg = Debug|Any CPU
		{B73DA3E5-750E-421B-944C-FCFC631C7923}.Homolog|Any CPU.Build.0 = Debug|Any CPU
		{B73DA3E5-750E-421B-944C-FCFC631C7923}.Production|Any CPU.ActiveCfg = Debug|Any CPU
		{B73DA3E5-750E-421B-944C-FCFC631C7923}.Production|Any CPU.Build.0 = Debug|Any CPU
		{B73DA3E5-750E-421B-944C-FCFC631C7923}.Release|Any CPU.ActiveCfg = Release|Any CPU
		{B73DA3E5-750E-421B-944C-FCFC631C7923}.Release|Any CPU.Build.0 = Release|Any CPU
		{B73DA3E5-750E-421B-944C-FCFC631C7923}.Testing|Any CPU.ActiveCfg = Debug|Any CPU
		{B73DA3E5-750E-421B-944C-FCFC631C7923}.Testing|Any CPU.Build.0 = Debug|Any CPU
		{02F91F11-6CE2-43D2-A4D6-3FE0E1BCC91D}.Debug|Any CPU.ActiveCfg = Debug|Any CPU
		{02F91F11-6CE2-43D2-A4D6-3FE0E1BCC91D}.Debug|Any CPU.Build.0 = Debug|Any CPU
		{02F91F11-6CE2-43D2-A4D6-3FE0E1BCC91D}.Homolog|Any CPU.ActiveCfg = Debug|Any CPU
		{02F91F11-6CE2-43D2-A4D6-3FE0E1BCC91D}.Homolog|Any CPU.Build.0 = Debug|Any CPU
		{02F91F11-6CE2-43D2-A4D6-3FE0E1BCC91D}.Production|Any CPU.ActiveCfg = Debug|Any CPU
		{02F91F11-6CE2-43D2-A4D6-3FE0E1BCC91D}.Production|Any CPU.Build.0 = Debug|Any CPU
		{02F91F11-6CE2-43D2-A4D6-3FE0E1BCC91D}.Release|Any CPU.ActiveCfg = Release|Any CPU
		{02F91F11-6CE2-43D2-A4D6-3FE0E1BCC91D}.Release|Any CPU.Build.0 = Release|Any CPU
		{02F91F11-6CE2-43D2-A4D6-3FE0E1BCC91D}.Testing|Any CPU.ActiveCfg = Debug|Any CPU
		{02F91F11-6CE2-43D2-A4D6-3FE0E1BCC91D}.Testing|Any CPU.Build.0 = Debug|Any CPU
		{A9071761-33A4-45FE-8278-DC537D0F1EF7}.Debug|Any CPU.ActiveCfg = Debug|Any CPU
		{A9071761-33A4-45FE-8278-DC537D0F1EF7}.Debug|Any CPU.Build.0 = Debug|Any CPU
		{A9071761-33A4-45FE-8278-DC537D0F1EF7}.Homolog|Any CPU.ActiveCfg = Debug|Any CPU
		{A9071761-33A4-45FE-8278-DC537D0F1EF7}.Homolog|Any CPU.Build.0 = Debug|Any CPU
		{A9071761-33A4-45FE-8278-DC537D0F1EF7}.Production|Any CPU.ActiveCfg = Debug|Any CPU
		{A9071761-33A4-45FE-8278-DC537D0F1EF7}.Production|Any CPU.Build.0 = Debug|Any CPU
		{A9071761-33A4-45FE-8278-DC537D0F1EF7}.Release|Any CPU.ActiveCfg = Release|Any CPU
		{A9071761-33A4-45FE-8278-DC537D0F1EF7}.Release|Any CPU.Build.0 = Release|Any CPU
		{A9071761-33A4-45FE-8278-DC537D0F1EF7}.Testing|Any CPU.ActiveCfg = Testing|Any CPU
		{A9071761-33A4-45FE-8278-DC537D0F1EF7}.Testing|Any CPU.Build.0 = Testing|Any CPU
		{D08FEAF5-13D3-4156-98C2-9DB7D3F6770E}.Debug|Any CPU.ActiveCfg = Debug|Any CPU
		{D08FEAF5-13D3-4156-98C2-9DB7D3F6770E}.Debug|Any CPU.Build.0 = Debug|Any CPU
		{D08FEAF5-13D3-4156-98C2-9DB7D3F6770E}.Homolog|Any CPU.ActiveCfg = Debug|Any CPU
		{D08FEAF5-13D3-4156-98C2-9DB7D3F6770E}.Homolog|Any CPU.Build.0 = Debug|Any CPU
		{D08FEAF5-13D3-4156-98C2-9DB7D3F6770E}.Production|Any CPU.ActiveCfg = Debug|Any CPU
		{D08FEAF5-13D3-4156-98C2-9DB7D3F6770E}.Production|Any CPU.Build.0 = Debug|Any CPU
		{D08FEAF5-13D3-4156-98C2-9DB7D3F6770E}.Release|Any CPU.ActiveCfg = Release|Any CPU
		{D08FEAF5-13D3-4156-98C2-9DB7D3F6770E}.Release|Any CPU.Build.0 = Release|Any CPU
		{D08FEAF5-13D3-4156-98C2-9DB7D3F6770E}.Testing|Any CPU.ActiveCfg = Debug|Any CPU
		{D08FEAF5-13D3-4156-98C2-9DB7D3F6770E}.Testing|Any CPU.Build.0 = Debug|Any CPU
		{664860EC-0D66-4D09-92FD-30FD792F5458}.Debug|Any CPU.ActiveCfg = Debug|Any CPU
		{664860EC-0D66-4D09-92FD-30FD792F5458}.Debug|Any CPU.Build.0 = Debug|Any CPU
		{664860EC-0D66-4D09-92FD-30FD792F5458}.Homolog|Any CPU.ActiveCfg = Debug|Any CPU
		{664860EC-0D66-4D09-92FD-30FD792F5458}.Homolog|Any CPU.Build.0 = Debug|Any CPU
		{664860EC-0D66-4D09-92FD-30FD792F5458}.Production|Any CPU.ActiveCfg = Debug|Any CPU
		{664860EC-0D66-4D09-92FD-30FD792F5458}.Production|Any CPU.Build.0 = Debug|Any CPU
		{664860EC-0D66-4D09-92FD-30FD792F5458}.Release|Any CPU.ActiveCfg = Release|Any CPU
		{664860EC-0D66-4D09-92FD-30FD792F5458}.Release|Any CPU.Build.0 = Release|Any CPU
		{664860EC-0D66-4D09-92FD-30FD792F5458}.Testing|Any CPU.ActiveCfg = Debug|Any CPU
		{664860EC-0D66-4D09-92FD-30FD792F5458}.Testing|Any CPU.Build.0 = Debug|Any CPU
		{DB12BD54-E232-48EF-923D-A8C49AAF62FE}.Debug|Any CPU.ActiveCfg = Debug|Any CPU
		{DB12BD54-E232-48EF-923D-A8C49AAF62FE}.Debug|Any CPU.Build.0 = Debug|Any CPU
		{DB12BD54-E232-48EF-923D-A8C49AAF62FE}.Homolog|Any CPU.ActiveCfg = Debug|Any CPU
		{DB12BD54-E232-48EF-923D-A8C49AAF62FE}.Homolog|Any CPU.Build.0 = Debug|Any CPU
		{DB12BD54-E232-48EF-923D-A8C49AAF62FE}.Production|Any CPU.ActiveCfg = Debug|Any CPU
		{DB12BD54-E232-48EF-923D-A8C49AAF62FE}.Production|Any CPU.Build.0 = Debug|Any CPU
		{DB12BD54-E232-48EF-923D-A8C49AAF62FE}.Release|Any CPU.ActiveCfg = Release|Any CPU
		{DB12BD54-E232-48EF-923D-A8C49AAF62FE}.Release|Any CPU.Build.0 = Release|Any CPU
		{DB12BD54-E232-48EF-923D-A8C49AAF62FE}.Testing|Any CPU.ActiveCfg = Testing|Any CPU
		{DB12BD54-E232-48EF-923D-A8C49AAF62FE}.Testing|Any CPU.Build.0 = Testing|Any CPU
		{9B0ECB85-C2C0-421E-B497-A527783D5E18}.Debug|Any CPU.ActiveCfg = Debug|Any CPU
		{9B0ECB85-C2C0-421E-B497-A527783D5E18}.Debug|Any CPU.Build.0 = Debug|Any CPU
		{9B0ECB85-C2C0-421E-B497-A527783D5E18}.Homolog|Any CPU.ActiveCfg = Debug|Any CPU
		{9B0ECB85-C2C0-421E-B497-A527783D5E18}.Homolog|Any CPU.Build.0 = Debug|Any CPU
		{9B0ECB85-C2C0-421E-B497-A527783D5E18}.Production|Any CPU.ActiveCfg = Debug|Any CPU
		{9B0ECB85-C2C0-421E-B497-A527783D5E18}.Production|Any CPU.Build.0 = Debug|Any CPU
		{9B0ECB85-C2C0-421E-B497-A527783D5E18}.Release|Any CPU.ActiveCfg = Release|Any CPU
		{9B0ECB85-C2C0-421E-B497-A527783D5E18}.Release|Any CPU.Build.0 = Release|Any CPU
		{9B0ECB85-C2C0-421E-B497-A527783D5E18}.Testing|Any CPU.ActiveCfg = Debug|Any CPU
		{9B0ECB85-C2C0-421E-B497-A527783D5E18}.Testing|Any CPU.Build.0 = Debug|Any CPU
	EndGlobalSection
	GlobalSection(SolutionProperties) = preSolution
		HideSolutionNode = FALSE
	EndGlobalSection
	GlobalSection(NestedProjects) = preSolution
		{D99DD8B8-FA66-4719-946C-6F1B0F4A664E} = {B3960E07-110F-4EBD-A7FC-E4961D6EC491}
		{B73DA3E5-750E-421B-944C-FCFC631C7923} = {E1069ED1-927D-47AF-8A39-A2647FECA020}
		{02F91F11-6CE2-43D2-A4D6-3FE0E1BCC91D} = {B3960E07-110F-4EBD-A7FC-E4961D6EC491}
		{A9071761-33A4-45FE-8278-DC537D0F1EF7} = {ED0729F1-FEB0-4876-A738-687511BA074A}
		{D08FEAF5-13D3-4156-98C2-9DB7D3F6770E} = {E1069ED1-927D-47AF-8A39-A2647FECA020}
		{664860EC-0D66-4D09-92FD-30FD792F5458} = {506E13BB-F6E2-4709-9DC0-DA2751B3B6DA}
		{DB12BD54-E232-48EF-923D-A8C49AAF62FE} = {ED0729F1-FEB0-4876-A738-687511BA074A}
		{9B0ECB85-C2C0-421E-B497-A527783D5E18} = {02268271-69D0-4301-9C87-6FA5C11ADCD9}
	EndGlobalSection
	GlobalSection(ExtensibilityGlobals) = postSolution
		SolutionGuid = {A5123F32-CEC1-4997-9871-B033ED571FEB}
	EndGlobalSection
EndGlobal
